
Microsoft Visual Studio Solution File, Format Version 12.00
# Visual Studio Version 16
VisualStudioVersion = 16.0.32002.261
MinimumVisualStudioVersion = 10.0.40219.1
Project("{8BC9CEB8-8B4A-11D0-8D11-00A0C91BC942}") = "ExternalGameHacking", "ExternalGameHacking\ExternalGameHacking.vcxproj", "{15852192-BEE5-4432-A4CB-3B919135A5BB}"
EndProject
Global
	GlobalSection(SolutionConfigurationPlatforms) = preSolution
		Debug|x64 = Debug|x64
		Debug|x86 = Debug|x86
		Release|x64 = Release|x64
		Release|x86 = Release|x86
	EndGlobalSection
	GlobalSection(ProjectConfigurationPlatforms) = postSolution
		{15852192-BEE5-4432-A4CB-3B919135A5BB}.Debug|x64.ActiveCfg = Debug|x64
		{15852192-BEE5-4432-A4CB-3B919135A5BB}.Debug|x64.Build.0 = Debug|x64
		{15852192-BEE5-4432-A4CB-3B919135A5BB}.Debug|x86.ActiveCfg = Debug|Win32
		{15852192-BEE5-4432-A4CB-3B919135A5BB}.Debug|x86.Build.0 = Debug|Win32
		{15852192-BEE5-4432-A4CB-3B919135A5BB}.Release|x64.ActiveCfg = Release|x64
		{15852192-BEE5-4432-A4CB-3B919135A5BB}.Release|x64.Build.0 = Release|x64
		{15852192-BEE5-4432-A4CB-3B919135A5BB}.Release|x86.ActiveCfg = Release|Win32
		{15852192-BEE5-4432-A4CB-3B919135A5BB}.Release|x86.Build.0 = Release|Win32
	EndGlobalSection
	GlobalSection(SolutionProperties) = preSolution
		HideSolutionNode = FALSE
	EndGlobalSection
	GlobalSection(ExtensibilityGlobals) = postSolution
		SolutionGuid = {18ADF534-89C9-4ECD-AC4F-CD595F61B964}
	EndGlobalSection
EndGlobal
